
Microsoft Visual Studio Solution File, Format Version 12.00
# Visual Studio Version 16
VisualStudioVersion = 16.0.29306.81
MinimumVisualStudioVersion = 10.0.40219.1
Project("{9A19103F-16F7-4668-BE54-9A1E7A4F7556}") = "DataAccess", "EternalStore.DataAccess\DataAccess.csproj", "{562848EB-DBFD-4607-954B-6081E6B6AD02}"
EndProject
Project("{9A19103F-16F7-4668-BE54-9A1E7A4F7556}") = "Api", "EternalStore.Api\Api.csproj", "{DC2C1EB5-DF39-4B5A-BFB3-FF7BA7494F93}"
EndProject
Project("{9A19103F-16F7-4668-BE54-9A1E7A4F7556}") = "Domain", "EternalStore.Domain\Domain.csproj", "{8BAA2F4F-5689-4BFA-97D0-1D874FFE1EA6}"
EndProject
Project("{9A19103F-16F7-4668-BE54-9A1E7A4F7556}") = "ApplicationLogic", "EternalStore.ApplicationLogic\ApplicationLogic.csproj", "{FD5BE848-8290-4B4F-AE5E-35F48200550B}"
EndProject
Project("{2150E333-8FDC-42A3-9474-1A3956D46DE8}") = "Tests", "Tests", "{39814EDD-8F62-4EF6-BDFA-D943BE8AC79E}"
EndProject
Global
	GlobalSection(SolutionConfigurationPlatforms) = preSolution
		Debug|Any CPU = Debug|Any CPU
		Release|Any CPU = Release|Any CPU
	EndGlobalSection
	GlobalSection(ProjectConfigurationPlatforms) = postSolution
		{562848EB-DBFD-4607-954B-6081E6B6AD02}.Debug|Any CPU.ActiveCfg = Debug|Any CPU
		{562848EB-DBFD-4607-954B-6081E6B6AD02}.Debug|Any CPU.Build.0 = Debug|Any CPU
		{562848EB-DBFD-4607-954B-6081E6B6AD02}.Release|Any CPU.ActiveCfg = Release|Any CPU
		{562848EB-DBFD-4607-954B-6081E6B6AD02}.Release|Any CPU.Build.0 = Release|Any CPU
		{DC2C1EB5-DF39-4B5A-BFB3-FF7BA7494F93}.Debug|Any CPU.ActiveCfg = Debug|Any CPU
		{DC2C1EB5-DF39-4B5A-BFB3-FF7BA7494F93}.Debug|Any CPU.Build.0 = Debug|Any CPU
		{DC2C1EB5-DF39-4B5A-BFB3-FF7BA7494F93}.Release|Any CPU.ActiveCfg = Release|Any CPU
		{DC2C1EB5-DF39-4B5A-BFB3-FF7BA7494F93}.Release|Any CPU.Build.0 = Release|Any CPU
		{8BAA2F4F-5689-4BFA-97D0-1D874FFE1EA6}.Debug|Any CPU.ActiveCfg = Debug|Any CPU
		{8BAA2F4F-5689-4BFA-97D0-1D874FFE1EA6}.Debug|Any CPU.Build.0 = Debug|Any CPU
		{8BAA2F4F-5689-4BFA-97D0-1D874FFE1EA6}.Release|Any CPU.ActiveCfg = Release|Any CPU
		{8BAA2F4F-5689-4BFA-97D0-1D874FFE1EA6}.Release|Any CPU.Build.0 = Release|Any CPU
		{FD5BE848-8290-4B4F-AE5E-35F48200550B}.Debug|Any CPU.ActiveCfg = Debug|Any CPU
		{FD5BE848-8290-4B4F-AE5E-35F48200550B}.Debug|Any CPU.Build.0 = Debug|Any CPU
		{FD5BE848-8290-4B4F-AE5E-35F48200550B}.Release|Any CPU.ActiveCfg = Release|Any CPU
		{FD5BE848-8290-4B4F-AE5E-35F48200550B}.Release|Any CPU.Build.0 = Release|Any CPU
	EndGlobalSection
	GlobalSection(SolutionProperties) = preSolution
		HideSolutionNode = FALSE
	EndGlobalSection
	GlobalSection(ExtensibilityGlobals) = postSolution
		SolutionGuid = {0249598D-8C68-4606-A462-33B0E53E1F7B}
	EndGlobalSection
EndGlobal
